
Microsoft Visual Studio Solution File, Format Version 12.00
# Visual Studio Version 16
VisualStudioVersion = 16.0.30503.244
MinimumVisualStudioVersion = 10.0.40219.1
Project("{FAE04EC0-301F-11D3-BF4B-00C04F79EFBC}") = "BiStatApp.UWP", "BiStatApp\BiStatApp.UWP\BiStatApp.UWP.csproj", "{255BF07B-FC41-4012-BA0E-90901202188C}"
EndProject
Project("{FAE04EC0-301F-11D3-BF4B-00C04F79EFBC}") = "BiStatApp.Android", "BiStatApp\BiStatApp.Android\BiStatApp.Android.csproj", "{1AE0A72E-B5C8-4053-80D7-692529E3C367}"
EndProject
Project("{FAE04EC0-301F-11D3-BF4B-00C04F79EFBC}") = "BiStatApp.iOS", "BiStatApp\BiStatApp.iOS\BiStatApp.iOS.csproj", "{A96A65FB-1917-40F4-B3B4-F05E3F929C27}"
EndProject
Project("{9A19103F-16F7-4668-BE54-9A1E7A4F7556}") = "BiStatApp", "BiStatApp\BiStatApp\BiStatApp.csproj", "{626947E0-2DBB-4332-8BC6-146026601C20}"
EndProject
Project("{9A19103F-16F7-4668-BE54-9A1E7A4F7556}") = "BiStatApp.MigrationTool", "BiStatApp\BiStatApp.MigrationTool\BiStatApp.MigrationTool.csproj", "{05E38D2B-B6FC-47BE-8E09-9DB39084EDE6}"
EndProject
Project("{2150E333-8FDC-42A3-9474-1A3956D46DE8}") = "Solution Items", "Solution Items", "{4084E767-048F-42C9-9451-2FBB1425E272}"
	ProjectSection(SolutionItems) = preProject
		BuildNotes.txt = BuildNotes.txt
	EndProjectSection
EndProject
Global
	GlobalSection(SolutionConfigurationPlatforms) = preSolution
		Debug|Any CPU = Debug|Any CPU
		Debug|ARM = Debug|ARM
		Debug|iPhone = Debug|iPhone
		Debug|iPhoneSimulator = Debug|iPhoneSimulator
		Debug|x64 = Debug|x64
		Debug|x86 = Debug|x86
		Release|Any CPU = Release|Any CPU
		Release|ARM = Release|ARM
		Release|iPhone = Release|iPhone
		Release|iPhoneSimulator = Release|iPhoneSimulator
		Release|x64 = Release|x64
		Release|x86 = Release|x86
	EndGlobalSection
	GlobalSection(ProjectConfigurationPlatforms) = postSolution
		{255BF07B-FC41-4012-BA0E-90901202188C}.Debug|Any CPU.ActiveCfg = Debug|x86
		{255BF07B-FC41-4012-BA0E-90901202188C}.Debug|Any CPU.Build.0 = Debug|x86
		{255BF07B-FC41-4012-BA0E-90901202188C}.Debug|Any CPU.Deploy.0 = Debug|x86
		{255BF07B-FC41-4012-BA0E-90901202188C}.Debug|ARM.ActiveCfg = Debug|ARM
		{255BF07B-FC41-4012-BA0E-90901202188C}.Debug|ARM.Build.0 = Debug|ARM
		{255BF07B-FC41-4012-BA0E-90901202188C}.Debug|ARM.Deploy.0 = Debug|ARM
		{255BF07B-FC41-4012-BA0E-90901202188C}.Debug|iPhone.ActiveCfg = Debug|x86
		{255BF07B-FC41-4012-BA0E-90901202188C}.Debug|iPhone.Build.0 = Debug|x86
		{255BF07B-FC41-4012-BA0E-90901202188C}.Debug|iPhone.Deploy.0 = Debug|x86
		{255BF07B-FC41-4012-BA0E-90901202188C}.Debug|iPhoneSimulator.ActiveCfg = Debug|x86
		{255BF07B-FC41-4012-BA0E-90901202188C}.Debug|x64.ActiveCfg = Debug|x64
		{255BF07B-FC41-4012-BA0E-90901202188C}.Debug|x64.Build.0 = Debug|x64
		{255BF07B-FC41-4012-BA0E-90901202188C}.Debug|x64.Deploy.0 = Debug|x64
		{255BF07B-FC41-4012-BA0E-90901202188C}.Debug|x86.ActiveCfg = Debug|x86
		{255BF07B-FC41-4012-BA0E-90901202188C}.Debug|x86.Build.0 = Debug|x86
		{255BF07B-FC41-4012-BA0E-90901202188C}.Debug|x86.Deploy.0 = Debug|x86
		{255BF07B-FC41-4012-BA0E-90901202188C}.Release|Any CPU.ActiveCfg = Release|x86
		{255BF07B-FC41-4012-BA0E-90901202188C}.Release|Any CPU.Build.0 = Release|x86
		{255BF07B-FC41-4012-BA0E-90901202188C}.Release|Any CPU.Deploy.0 = Release|x86
		{255BF07B-FC41-4012-BA0E-90901202188C}.Release|ARM.ActiveCfg = Release|ARM
		{255BF07B-FC41-4012-BA0E-90901202188C}.Release|ARM.Build.0 = Release|ARM
		{255BF07B-FC41-4012-BA0E-90901202188C}.Release|ARM.Deploy.0 = Release|ARM
		{255BF07B-FC41-4012-BA0E-90901202188C}.Release|iPhone.ActiveCfg = Release|x86
		{255BF07B-FC41-4012-BA0E-90901202188C}.Release|iPhone.Build.0 = Release|x86
		{255BF07B-FC41-4012-BA0E-90901202188C}.Release|iPhone.Deploy.0 = Release|x86
		{255BF07B-FC41-4012-BA0E-90901202188C}.Release|iPhoneSimulator.ActiveCfg = Release|x86
		{255BF07B-FC41-4012-BA0E-90901202188C}.Release|iPhoneSimulator.Build.0 = Release|x86
		{255BF07B-FC41-4012-BA0E-90901202188C}.Release|iPhoneSimulator.Deploy.0 = Release|x86
		{255BF07B-FC41-4012-BA0E-90901202188C}.Release|x64.ActiveCfg = Release|x64
		{255BF07B-FC41-4012-BA0E-90901202188C}.Release|x64.Build.0 = Release|x64
		{255BF07B-FC41-4012-BA0E-90901202188C}.Release|x64.Deploy.0 = Release|x64
		{255BF07B-FC41-4012-BA0E-90901202188C}.Release|x86.ActiveCfg = Release|x86
		{255BF07B-FC41-4012-BA0E-90901202188C}.Release|x86.Build.0 = Release|x86
		{255BF07B-FC41-4012-BA0E-90901202188C}.Release|x86.Deploy.0 = Release|x86
		{1AE0A72E-B5C8-4053-80D7-692529E3C367}.Debug|Any CPU.ActiveCfg = Debug|Any CPU
		{1AE0A72E-B5C8-4053-80D7-692529E3C367}.Debug|Any CPU.Build.0 = Debug|Any CPU
		{1AE0A72E-B5C8-4053-80D7-692529E3C367}.Debug|Any CPU.Deploy.0 = Debug|Any CPU
		{1AE0A72E-B5C8-4053-80D7-692529E3C367}.Debug|ARM.ActiveCfg = Debug|Any CPU
		{1AE0A72E-B5C8-4053-80D7-692529E3C367}.Debug|ARM.Build.0 = Debug|Any CPU
		{1AE0A72E-B5C8-4053-80D7-692529E3C367}.Debug|ARM.Deploy.0 = Debug|Any CPU
		{1AE0A72E-B5C8-4053-80D7-692529E3C367}.Debug|iPhone.ActiveCfg = Debug|Any CPU
		{1AE0A72E-B5C8-4053-80D7-692529E3C367}.Debug|iPhone.Build.0 = Debug|Any CPU
		{1AE0A72E-B5C8-4053-80D7-692529E3C367}.Debug|iPhone.Deploy.0 = Debug|Any CPU
		{1AE0A72E-B5C8-4053-80D7-692529E3C367}.Debug|iPhoneSimulator.ActiveCfg = Debug|Any CPU
		{1AE0A72E-B5C8-4053-80D7-692529E3C367}.Debug|x64.ActiveCfg = Debug|Any CPU
		{1AE0A72E-B5C8-4053-80D7-692529E3C367}.Debug|x64.Build.0 = Debug|Any CPU
		{1AE0A72E-B5C8-4053-80D7-692529E3C367}.Debug|x64.Deploy.0 = Debug|Any CPU
		{1AE0A72E-B5C8-4053-80D7-692529E3C367}.Debug|x86.ActiveCfg = Debug|Any CPU
		{1AE0A72E-B5C8-4053-80D7-692529E3C367}.Debug|x86.Build.0 = Debug|Any CPU
		{1AE0A72E-B5C8-4053-80D7-692529E3C367}.Debug|x86.Deploy.0 = Debug|Any CPU
		{1AE0A72E-B5C8-4053-80D7-692529E3C367}.Release|Any CPU.ActiveCfg = Release|Any CPU
		{1AE0A72E-B5C8-4053-80D7-692529E3C367}.Release|Any CPU.Build.0 = Release|Any CPU
		{1AE0A72E-B5C8-4053-80D7-692529E3C367}.Release|Any CPU.Deploy.0 = Release|Any CPU
		{1AE0A72E-B5C8-4053-80D7-692529E3C367}.Release|ARM.ActiveCfg = Release|Any CPU
		{1AE0A72E-B5C8-4053-80D7-692529E3C367}.Release|ARM.Build.0 = Release|Any CPU
		{1AE0A72E-B5C8-4053-80D7-692529E3C367}.Release|ARM.Deploy.0 = Release|Any CPU
		{1AE0A72E-B5C8-4053-80D7-692529E3C367}.Release|iPhone.ActiveCfg = Release|Any CPU
		{1AE0A72E-B5C8-4053-80D7-692529E3C367}.Release|iPhone.Build.0 = Release|Any CPU
		{1AE0A72E-B5C8-4053-80D7-692529E3C367}.Release|iPhone.Deploy.0 = Release|Any CPU
		{1AE0A72E-B5C8-4053-80D7-692529E3C367}.Release|iPhoneSimulator.ActiveCfg = Release|Any CPU
		{1AE0A72E-B5C8-4053-80D7-692529E3C367}.Release|iPhoneSimulator.Build.0 = Release|Any CPU
		{1AE0A72E-B5C8-4053-80D7-692529E3C367}.Release|iPhoneSimulator.Deploy.0 = Release|Any CPU
		{1AE0A72E-B5C8-4053-80D7-692529E3C367}.Release|x64.ActiveCfg = Release|Any CPU
		{1AE0A72E-B5C8-4053-80D7-692529E3C367}.Release|x64.Build.0 = Release|Any CPU
		{1AE0A72E-B5C8-4053-80D7-692529E3C367}.Release|x64.Deploy.0 = Release|Any CPU
		{1AE0A72E-B5C8-4053-80D7-692529E3C367}.Release|x86.ActiveCfg = Release|Any CPU
		{1AE0A72E-B5C8-4053-80D7-692529E3C367}.Release|x86.Build.0 = Release|Any CPU
		{1AE0A72E-B5C8-4053-80D7-692529E3C367}.Release|x86.Deploy.0 = Release|Any CPU
		{A96A65FB-1917-40F4-B3B4-F05E3F929C27}.Debug|Any CPU.ActiveCfg = Debug|iPhoneSimulator
		{A96A65FB-1917-40F4-B3B4-F05E3F929C27}.Debug|Any CPU.Deploy.0 = Debug|iPhoneSimulator
		{A96A65FB-1917-40F4-B3B4-F05E3F929C27}.Debug|ARM.ActiveCfg = Debug|iPhone
		{A96A65FB-1917-40F4-B3B4-F05E3F929C27}.Debug|ARM.Build.0 = Debug|iPhone
		{A96A65FB-1917-40F4-B3B4-F05E3F929C27}.Debug|ARM.Deploy.0 = Debug|iPhone
		{A96A65FB-1917-40F4-B3B4-F05E3F929C27}.Debug|iPhone.ActiveCfg = Debug|iPhone
		{A96A65FB-1917-40F4-B3B4-F05E3F929C27}.Debug|iPhone.Build.0 = Debug|iPhone
		{A96A65FB-1917-40F4-B3B4-F05E3F929C27}.Debug|iPhone.Deploy.0 = Debug|iPhone
		{A96A65FB-1917-40F4-B3B4-F05E3F929C27}.Debug|iPhoneSimulator.ActiveCfg = Debug|iPhoneSimulator
		{A96A65FB-1917-40F4-B3B4-F05E3F929C27}.Debug|iPhoneSimulator.Build.0 = Debug|iPhoneSimulator
		{A96A65FB-1917-40F4-B3B4-F05E3F929C27}.Debug|iPhoneSimulator.Deploy.0 = Debug|iPhoneSimulator
		{A96A65FB-1917-40F4-B3B4-F05E3F929C27}.Debug|x64.ActiveCfg = Debug|iPhoneSimulator
		{A96A65FB-1917-40F4-B3B4-F05E3F929C27}.Debug|x64.Build.0 = Debug|iPhoneSimulator
		{A96A65FB-1917-40F4-B3B4-F05E3F929C27}.Debug|x64.Deploy.0 = Debug|iPhoneSimulator
		{A96A65FB-1917-40F4-B3B4-F05E3F929C27}.Debug|x86.ActiveCfg = Debug|iPhoneSimulator
		{A96A65FB-1917-40F4-B3B4-F05E3F929C27}.Debug|x86.Build.0 = Debug|iPhoneSimulator
		{A96A65FB-1917-40F4-B3B4-F05E3F929C27}.Debug|x86.Deploy.0 = Debug|iPhoneSimulator
		{A96A65FB-1917-40F4-B3B4-F05E3F929C27}.Release|Any CPU.ActiveCfg = Release|iPhoneSimulator
		{A96A65FB-1917-40F4-B3B4-F05E3F929C27}.Release|Any CPU.Deploy.0 = Release|iPhoneSimulator
		{A96A65FB-1917-40F4-B3B4-F05E3F929C27}.Release|ARM.ActiveCfg = Release|iPhoneSimulator
		{A96A65FB-1917-40F4-B3B4-F05E3F929C27}.Release|ARM.Build.0 = Release|iPhoneSimulator
		{A96A65FB-1917-40F4-B3B4-F05E3F929C27}.Release|ARM.Deploy.0 = Release|iPhoneSimulator
		{A96A65FB-1917-40F4-B3B4-F05E3F929C27}.Release|iPhone.ActiveCfg = Release|iPhone
		{A96A65FB-1917-40F4-B3B4-F05E3F929C27}.Release|iPhone.Build.0 = Release|iPhone
		{A96A65FB-1917-40F4-B3B4-F05E3F929C27}.Release|iPhone.Deploy.0 = Release|iPhone
		{A96A65FB-1917-40F4-B3B4-F05E3F929C27}.Release|iPhoneSimulator.ActiveCfg = Release|iPhoneSimulator
		{A96A65FB-1917-40F4-B3B4-F05E3F929C27}.Release|iPhoneSimulator.Build.0 = Release|iPhoneSimulator
		{A96A65FB-1917-40F4-B3B4-F05E3F929C27}.Release|iPhoneSimulator.Deploy.0 = Release|iPhoneSimulator
		{A96A65FB-1917-40F4-B3B4-F05E3F929C27}.Release|x64.ActiveCfg = Release|iPhoneSimulator
		{A96A65FB-1917-40F4-B3B4-F05E3F929C27}.Release|x64.Build.0 = Release|iPhoneSimulator
		{A96A65FB-1917-40F4-B3B4-F05E3F929C27}.Release|x64.Deploy.0 = Release|iPhoneSimulator
		{A96A65FB-1917-40F4-B3B4-F05E3F929C27}.Release|x86.ActiveCfg = Release|iPhoneSimulator
		{A96A65FB-1917-40F4-B3B4-F05E3F929C27}.Release|x86.Build.0 = Release|iPhoneSimulator
		{A96A65FB-1917-40F4-B3B4-F05E3F929C27}.Release|x86.Deploy.0 = Release|iPhoneSimulator
		{626947E0-2DBB-4332-8BC6-146026601C20}.Debug|Any CPU.ActiveCfg = Debug|Any CPU
		{626947E0-2DBB-4332-8BC6-146026601C20}.Debug|Any CPU.Build.0 = Debug|Any CPU
		{626947E0-2DBB-4332-8BC6-146026601C20}.Debug|Any CPU.Deploy.0 = Debug|Any CPU
		{626947E0-2DBB-4332-8BC6-146026601C20}.Debug|ARM.ActiveCfg = Debug|Any CPU
		{626947E0-2DBB-4332-8BC6-146026601C20}.Debug|ARM.Build.0 = Debug|Any CPU
		{626947E0-2DBB-4332-8BC6-146026601C20}.Debug|ARM.Deploy.0 = Debug|Any CPU
		{626947E0-2DBB-4332-8BC6-146026601C20}.Debug|iPhone.ActiveCfg = Debug|Any CPU
		{626947E0-2DBB-4332-8BC6-146026601C20}.Debug|iPhone.Build.0 = Debug|Any CPU
		{626947E0-2DBB-4332-8BC6-146026601C20}.Debug|iPhone.Deploy.0 = Debug|Any CPU
		{626947E0-2DBB-4332-8BC6-146026601C20}.Debug|iPhoneSimulator.ActiveCfg = Debug|Any CPU
		{626947E0-2DBB-4332-8BC6-146026601C20}.Debug|iPhoneSimulator.Build.0 = Debug|Any CPU
		{626947E0-2DBB-4332-8BC6-146026601C20}.Debug|iPhoneSimulator.Deploy.0 = Debug|Any CPU
		{626947E0-2DBB-4332-8BC6-146026601C20}.Debug|x64.ActiveCfg = Debug|Any CPU
		{626947E0-2DBB-4332-8BC6-146026601C20}.Debug|x64.Build.0 = Debug|Any CPU
		{626947E0-2DBB-4332-8BC6-146026601C20}.Debug|x64.Deploy.0 = Debug|Any CPU
		{626947E0-2DBB-4332-8BC6-146026601C20}.Debug|x86.ActiveCfg = Debug|Any CPU
		{626947E0-2DBB-4332-8BC6-146026601C20}.Debug|x86.Build.0 = Debug|Any CPU
		{626947E0-2DBB-4332-8BC6-146026601C20}.Debug|x86.Deploy.0 = Debug|Any CPU
		{626947E0-2DBB-4332-8BC6-146026601C20}.Release|Any CPU.ActiveCfg = Release|Any CPU
		{626947E0-2DBB-4332-8BC6-146026601C20}.Release|Any CPU.Build.0 = Release|Any CPU
		{626947E0-2DBB-4332-8BC6-146026601C20}.Release|Any CPU.Deploy.0 = Release|Any CPU
		{626947E0-2DBB-4332-8BC6-146026601C20}.Release|ARM.ActiveCfg = Release|Any CPU
		{626947E0-2DBB-4332-8BC6-146026601C20}.Release|ARM.Build.0 = Release|Any CPU
		{626947E0-2DBB-4332-8BC6-146026601C20}.Release|ARM.Deploy.0 = Release|Any CPU
		{626947E0-2DBB-4332-8BC6-146026601C20}.Release|iPhone.ActiveCfg = Release|Any CPU
		{626947E0-2DBB-4332-8BC6-146026601C20}.Release|iPhone.Build.0 = Release|Any CPU
		{626947E0-2DBB-4332-8BC6-146026601C20}.Release|iPhone.Deploy.0 = Release|Any CPU
		{626947E0-2DBB-4332-8BC6-146026601C20}.Release|iPhoneSimulator.ActiveCfg = Release|Any CPU
		{626947E0-2DBB-4332-8BC6-146026601C20}.Release|iPhoneSimulator.Build.0 = Release|Any CPU
		{626947E0-2DBB-4332-8BC6-146026601C20}.Release|iPhoneSimulator.Deploy.0 = Release|Any CPU
		{626947E0-2DBB-4332-8BC6-146026601C20}.Release|x64.ActiveCfg = Release|Any CPU
		{626947E0-2DBB-4332-8BC6-146026601C20}.Release|x64.Build.0 = Release|Any CPU
		{626947E0-2DBB-4332-8BC6-146026601C20}.Release|x64.Deploy.0 = Release|Any CPU
		{626947E0-2DBB-4332-8BC6-146026601C20}.Release|x86.ActiveCfg = Release|Any CPU
		{626947E0-2DBB-4332-8BC6-146026601C20}.Release|x86.Build.0 = Release|Any CPU
		{626947E0-2DBB-4332-8BC6-146026601C20}.Release|x86.Deploy.0 = Release|Any CPU
		{05E38D2B-B6FC-47BE-8E09-9DB39084EDE6}.Debug|Any CPU.ActiveCfg = Debug|Any CPU
		{05E38D2B-B6FC-47BE-8E09-9DB39084EDE6}.Debug|Any CPU.Build.0 = Debug|Any CPU
		{05E38D2B-B6FC-47BE-8E09-9DB39084EDE6}.Debug|ARM.ActiveCfg = Debug|Any CPU
		{05E38D2B-B6FC-47BE-8E09-9DB39084EDE6}.Debug|ARM.Build.0 = Debug|Any CPU
		{05E38D2B-B6FC-47BE-8E09-9DB39084EDE6}.Debug|iPhone.ActiveCfg = Debug|Any CPU
		{05E38D2B-B6FC-47BE-8E09-9DB39084EDE6}.Debug|iPhone.Build.0 = Debug|Any CPU
		{05E38D2B-B6FC-47BE-8E09-9DB39084EDE6}.Debug|iPhoneSimulator.ActiveCfg = Debug|Any CPU
		{05E38D2B-B6FC-47BE-8E09-9DB39084EDE6}.Debug|iPhoneSimulator.Build.0 = Debug|Any CPU
		{05E38D2B-B6FC-47BE-8E09-9DB39084EDE6}.Debug|x64.ActiveCfg = Debug|Any CPU
		{05E38D2B-B6FC-47BE-8E09-9DB39084EDE6}.Debug|x64.Build.0 = Debug|Any CPU
		{05E38D2B-B6FC-47BE-8E09-9DB39084EDE6}.Debug|x86.ActiveCfg = Debug|Any CPU
		{05E38D2B-B6FC-47BE-8E09-9DB39084EDE6}.Debug|x86.Build.0 = Debug|Any CPU
		{05E38D2B-B6FC-47BE-8E09-9DB39084EDE6}.Release|Any CPU.ActiveCfg = Release|Any CPU
		{05E38D2B-B6FC-47BE-8E09-9DB39084EDE6}.Release|Any CPU.Build.0 = Release|Any CPU
		{05E38D2B-B6FC-47BE-8E09-9DB39084EDE6}.Release|ARM.ActiveCfg = Release|Any CPU
		{05E38D2B-B6FC-47BE-8E09-9DB39084EDE6}.Release|ARM.Build.0 = Release|Any CPU
		{05E38D2B-B6FC-47BE-8E09-9DB39084EDE6}.Release|iPhone.ActiveCfg = Release|Any CPU
		{05E38D2B-B6FC-47BE-8E09-9DB39084EDE6}.Release|iPhone.Build.0 = Release|Any CPU
		{05E38D2B-B6FC-47BE-8E09-9DB39084EDE6}.Release|iPhoneSimulator.ActiveCfg = Release|Any CPU
		{05E38D2B-B6FC-47BE-8E09-9DB39084EDE6}.Release|iPhoneSimulator.Build.0 = Release|Any CPU
		{05E38D2B-B6FC-47BE-8E09-9DB39084EDE6}.Release|x64.ActiveCfg = Release|Any CPU
		{05E38D2B-B6FC-47BE-8E09-9DB39084EDE6}.Release|x64.Build.0 = Release|Any CPU
		{05E38D2B-B6FC-47BE-8E09-9DB39084EDE6}.Release|x86.ActiveCfg = Release|Any CPU
		{05E38D2B-B6FC-47BE-8E09-9DB39084EDE6}.Release|x86.Build.0 = Release|Any CPU
	EndGlobalSection
	GlobalSection(SolutionProperties) = preSolution
		HideSolutionNode = FALSE
	EndGlobalSection
	GlobalSection(ExtensibilityGlobals) = postSolution
		SolutionGuid = {F5CE64E6-6DD4-47F9-83A1-31659796D3A0}
	EndGlobalSection
EndGlobal
